// !$*UTF8*$!
{
	archiveVersion = 1;
	classes = {
	};
	objectVersion = 56;
	objects = {

/* Begin PBXBuildFile section */
		9DE4C28A2B83E1E6006C186B /* AppDelegate.swift in Sources */ = {isa = PBXBuildFile; fileRef = 9DE4C2892B83E1E6006C186B /* AppDelegate.swift */; };
		9DE4C28C2B83E1E6006C186B /* SceneDelegate.swift in Sources */ = {isa = PBXBuildFile; fileRef = 9DE4C28B2B83E1E6006C186B /* SceneDelegate.swift */; };
		9DE4C28E2B83E1E6006C186B /* ViewController.swift in Sources */ = {isa = PBXBuildFile; fileRef = 9DE4C28D2B83E1E6006C186B /* ViewController.swift */; };
		9DE4C2912B83E1E7006C186B /* Main.storyboard in Resources */ = {isa = PBXBuildFile; fileRef = 9DE4C28F2B83E1E7006C186B /* Main.storyboard */; };
		9DE4C2932B83E1E9006C186B /* Assets.xcassets in Resources */ = {isa = PBXBuildFile; fileRef = 9DE4C2922B83E1E9006C186B /* Assets.xcassets */; };
		9DE4C2962B83E1E9006C186B /* LaunchScreen.storyboard in Resources */ = {isa = PBXBuildFile; fileRef = 9DE4C2942B83E1E9006C186B /* LaunchScreen.storyboard */; };
		9DE4C2A12B83E1E9006C186B /* AssignmentTests.swift in Sources */ = {isa = PBXBuildFile; fileRef = 9DE4C2A02B83E1E9006C186B /* AssignmentTests.swift */; };
		9DE4C2AB2B83E1E9006C186B /* AssignmentUITests.swift in Sources */ = {isa = PBXBuildFile; fileRef = 9DE4C2AA2B83E1E9006C186B /* AssignmentUITests.swift */; };
		9DE4C2AD2B83E1E9006C186B /* AssignmentUITestsLaunchTests.swift in Sources */ = {isa = PBXBuildFile; fileRef = 9DE4C2AC2B83E1E9006C186B /* AssignmentUITestsLaunchTests.swift */; };
/* End PBXBuildFile section */

/* Begin PBXContainerItemProxy section */
		9DE4C29D2B83E1E9006C186B /* PBXContainerItemProxy */ = {
			isa = PBXContainerItemProxy;
			containerPortal = 9DE4C27E2B83E1E6006C186B /* Project object */;
			proxyType = 1;
			remoteGlobalIDString = 9DE4C2852B83E1E6006C186B;
			remoteInfo = Assignment;
		};
		9DE4C2A72B83E1E9006C186B /* PBXContainerItemProxy */ = {
			isa = PBXContainerItemProxy;
			containerPortal = 9DE4C27E2B83E1E6006C186B /* Project object */;
			proxyType = 1;
			remoteGlobalIDString = 9DE4C2852B83E1E6006C186B;
			remoteInfo = Assignment;
		};
/* End PBXContainerItemProxy section */

/* Begin PBXFileReference section */
		9DE4C2862B83E1E6006C186B /* Assignment.app */ = {isa = PBXFileReference; explicitFileType = wrapper.application; includeInIndex = 0; path = Assignment.app; sourceTree = BUILT_PRODUCTS_DIR; };
		9DE4C2892B83E1E6006C186B /* AppDelegate.swift */ = {isa = PBXFileReference; lastKnownFileType = sourcecode.swift; path = AppDelegate.swift; sourceTree = "<group>"; };
		9DE4C28B2B83E1E6006C186B /* SceneDelegate.swift */ = {isa = PBXFileReference; lastKnownFileType = sourcecode.swift; path = SceneDelegate.swift; sourceTree = "<group>"; };
		9DE4C28D2B83E1E6006C186B /* ViewController.swift */ = {isa = PBXFileReference; lastKnownFileType = sourcecode.swift; path = ViewController.swift; sourceTree = "<group>"; };
		9DE4C2902B83E1E7006C186B /* Base */ = {isa = PBXFileReference; lastKnownFileType = file.storyboard; name = Base; path = Base.lproj/Main.storyboard; sourceTree = "<group>"; };
		9DE4C2922B83E1E9006C186B /* Assets.xcassets */ = {isa = PBXFileReference; lastKnownFileType = folder.assetcatalog; path = Assets.xcassets; sourceTree = "<group>"; };
		9DE4C2952B83E1E9006C186B /* Base */ = {isa = PBXFileReference; lastKnownFileType = file.storyboard; name = Base; path = Base.lproj/LaunchScreen.storyboard; sourceTree = "<group>"; };
		9DE4C2972B83E1E9006C186B /* Info.plist */ = {isa = PBXFileReference; lastKnownFileType = text.plist.xml; path = Info.plist; sourceTree = "<group>"; };
		9DE4C29C2B83E1E9006C186B /* AssignmentTests.xctest */ = {isa = PBXFileReference; explicitFileType = wrapper.cfbundle; includeInIndex = 0; path = AssignmentTests.xctest; sourceTree = BUILT_PRODUCTS_DIR; };
		9DE4C2A02B83E1E9006C186B /* AssignmentTests.swift */ = {isa = PBXFileReference; lastKnownFileType = sourcecode.swift; path = AssignmentTests.swift; sourceTree = "<group>"; };
		9DE4C2A62B83E1E9006C186B /* AssignmentUITests.xctest */ = {isa = PBXFileReference; explicitFileType = wrapper.cfbundle; includeInIndex = 0; path = AssignmentUITests.xctest; sourceTree = BUILT_PRODUCTS_DIR; };
		9DE4C2AA2B83E1E9006C186B /* AssignmentUITests.swift */ = {isa = PBXFileReference; lastKnownFileType = sourcecode.swift; path = AssignmentUITests.swift; sourceTree = "<group>"; };
		9DE4C2AC2B83E1E9006C186B /* AssignmentUITestsLaunchTests.swift */ = {isa = PBXFileReference; lastKnownFileType = sourcecode.swift; path = AssignmentUITestsLaunchTests.swift; sourceTree = "<group>"; };
/* End PBXFileReference section */

/* Begin PBXFrameworksBuildPhase section */
		9DE4C2832B83E1E6006C186B /* Frameworks */ = {
			isa = PBXFrameworksBuildPhase;
			buildActionMask = 2147483647;
			files = (
			);
			runOnlyForDeploymentPostprocessing = 0;
		};
		9DE4C2992B83E1E9006C186B /* Frameworks */ = {
			isa = PBXFrameworksBuildPhase;
			buildActionMask = 2147483647;
			files = (
			);
			runOnlyForDeploymentPostprocessing = 0;
		};
		9DE4C2A32B83E1E9006C186B /* Frameworks */ = {
			isa = PBXFrameworksBuildPhase;
			buildActionMask = 2147483647;
			files = (
			);
			runOnlyForDeploymentPostprocessing = 0;
		};
/* End PBXFrameworksBuildPhase section */

/* Begin PBXGroup section */
		9DE4C27D2B83E1E6006C186B = {
			isa = PBXGroup;
			children = (
				9DE4C2882B83E1E6006C186B /* Assignment */,
				9DE4C29F2B83E1E9006C186B /* AssignmentTests */,
				9DE4C2A92B83E1E9006C186B /* AssignmentUITests */,
				9DE4C2872B83E1E6006C186B /* Products */,
			);
			sourceTree = "<group>";
		};
		9DE4C2872B83E1E6006C186B /* Products */ = {
			isa = PBXGroup;
			children = (
				9DE4C2862B83E1E6006C186B /* Assignment.app */,
				9DE4C29C2B83E1E9006C186B /* AssignmentTests.xctest */,
				9DE4C2A62B83E1E9006C186B /* AssignmentUITests.xctest */,
			);
			name = Products;
			sourceTree = "<group>";
		};
		9DE4C2882B83E1E6006C186B /* Assignment */ = {
			isa = PBXGroup;
			children = (
				9DE4C2892B83E1E6006C186B /* AppDelegate.swift */,
				9DE4C28B2B83E1E6006C186B /* SceneDelegate.swift */,
				9DE4C28D2B83E1E6006C186B /* ViewController.swift */,
				9DE4C28F2B83E1E7006C186B /* Main.storyboard */,
				9DE4C2922B83E1E9006C186B /* Assets.xcassets */,
				9DE4C2942B83E1E9006C186B /* LaunchScreen.storyboard */,
				9DE4C2972B83E1E9006C186B /* Info.plist */,
			);
			path = Assignment;
			sourceTree = "<group>";
		};
		9DE4C29F2B83E1E9006C186B /* AssignmentTests */ = {
			isa = PBXGroup;
			children = (
				9DE4C2A02B83E1E9006C186B /* AssignmentTests.swift */,
			);
			path = AssignmentTests;
			sourceTree = "<group>";
		};
		9DE4C2A92B83E1E9006C186B /* AssignmentUITests */ = {
			isa = PBXGroup;
			children = (
				9DE4C2AA2B83E1E9006C186B /* AssignmentUITests.swift */,
				9DE4C2AC2B83E1E9006C186B /* AssignmentUITestsLaunchTests.swift */,
			);
			path = AssignmentUITests;
			sourceTree = "<group>";
		};
/* End PBXGroup section */

/* Begin PBXNativeTarget section */
		9DE4C2852B83E1E6006C186B /* Assignment */ = {
			isa = PBXNativeTarget;
			buildConfigurationList = 9DE4C2B02B83E1E9006C186B /* Build configuration list for PBXNativeTarget "Assignment" */;
			buildPhases = (
				9DE4C2822B83E1E6006C186B /* Sources */,
				9DE4C2832B83E1E6006C186B /* Frameworks */,
				9DE4C2842B83E1E6006C186B /* Resources */,
			);
			buildRules = (
			);
			dependencies = (
			);
			name = Assignment;
			productName = Assignment;
			productReference = 9DE4C2862B83E1E6006C186B /* Assignment.app */;
			productType = "com.apple.product-type.application";
		};
		9DE4C29B2B83E1E9006C186B /* AssignmentTests */ = {
			isa = PBXNativeTarget;
			buildConfigurationList = 9DE4C2B32B83E1E9006C186B /* Build configuration list for PBXNativeTarget "AssignmentTests" */;
			buildPhases = (
				9DE4C2982B83E1E9006C186B /* Sources */,
				9DE4C2992B83E1E9006C186B /* Frameworks */,
				9DE4C29A2B83E1E9006C186B /* Resources */,
			);
			buildRules = (
			);
			dependencies = (
				9DE4C29E2B83E1E9006C186B /* PBXTargetDependency */,
			);
			name = AssignmentTests;
			productName = AssignmentTests;
			productReference = 9DE4C29C2B83E1E9006C186B /* AssignmentTests.xctest */;
			productType = "com.apple.product-type.bundle.unit-test";
		};
		9DE4C2A52B83E1E9006C186B /* AssignmentUITests */ = {
			isa = PBXNativeTarget;
			buildConfigurationList = 9DE4C2B62B83E1E9006C186B /* Build configuration list for PBXNativeTarget "AssignmentUITests" */;
			buildPhases = (
				9DE4C2A22B83E1E9006C186B /* Sources */,
				9DE4C2A32B83E1E9006C186B /* Frameworks */,
				9DE4C2A42B83E1E9006C186B /* Resources */,
			);
			buildRules = (
			);
			dependencies = (
				9DE4C2A82B83E1E9006C186B /* PBXTargetDependency */,
			);
			name = AssignmentUITests;
			productName = AssignmentUITests;
			productReference = 9DE4C2A62B83E1E9006C186B /* AssignmentUITests.xctest */;
			productType = "com.apple.product-type.bundle.ui-testing";
		};
/* End PBXNativeTarget section */

/* Begin PBXProject section */
		9DE4C27E2B83E1E6006C186B /* Project object */ = {
			isa = PBXProject;
			attributes = {
				BuildIndependentTargetsInParallel = 1;
				LastSwiftUpdateCheck = 1520;
				LastUpgradeCheck = 1520;
				TargetAttributes = {
					9DE4C2852B83E1E6006C186B = {
						CreatedOnToolsVersion = 15.2;
					};
					9DE4C29B2B83E1E9006C186B = {
						CreatedOnToolsVersion = 15.2;
						TestTargetID = 9DE4C2852B83E1E6006C186B;
					};
					9DE4C2A52B83E1E9006C186B = {
						CreatedOnToolsVersion = 15.2;
						TestTargetID = 9DE4C2852B83E1E6006C186B;
					};
				};
			};
			buildConfigurationList = 9DE4C2812B83E1E6006C186B /* Build configuration list for PBXProject "Assignment" */;
			compatibilityVersion = "Xcode 14.0";
			developmentRegion = en;
			hasScannedForEncodings = 0;
			knownRegions = (
				en,
				Base,
			);
			mainGroup = 9DE4C27D2B83E1E6006C186B;
			productRefGroup = 9DE4C2872B83E1E6006C186B /* Products */;
			projectDirPath = "";
			projectRoot = "";
			targets = (
				9DE4C2852B83E1E6006C186B /* Assignment */,
				9DE4C29B2B83E1E9006C186B /* AssignmentTests */,
				9DE4C2A52B83E1E9006C186B /* AssignmentUITests */,
			);
		};
/* End PBXProject section */

/* Begin PBXResourcesBuildPhase section */
		9DE4C2842B83E1E6006C186B /* Resources */ = {
			isa = PBXResourcesBuildPhase;
			buildActionMask = 2147483647;
			files = (
				9DE4C2962B83E1E9006C186B /* LaunchScreen.storyboard in Resources */,
				9DE4C2932B83E1E9006C186B /* Assets.xcassets in Resources */,
				9DE4C2912B83E1E7006C186B /* Main.storyboard in Resources */,
			);
			runOnlyForDeploymentPostprocessing = 0;
		};
		9DE4C29A2B83E1E9006C186B /* Resources */ = {
			isa = PBXResourcesBuildPhase;
			buildActionMask = 2147483647;
			files = (
			);
			runOnlyForDeploymentPostprocessing = 0;
		};
		9DE4C2A42B83E1E9006C186B /* Resources */ = {
			isa = PBXResourcesBuildPhase;
			buildActionMask = 2147483647;
			files = (
			);
			runOnlyForDeploymentPostprocessing = 0;
		};
/* End PBXResourcesBuildPhase section */

/* Begin PBXSourcesBuildPhase section */
		9DE4C2822B83E1E6006C186B /* Sources */ = {
			isa = PBXSourcesBuildPhase;
			buildActionMask = 2147483647;
			files = (
				9DE4C28E2B83E1E6006C186B /* ViewController.swift in Sources */,
				9DE4C28A2B83E1E6006C186B /* AppDelegate.swift in Sources */,
				9DE4C28C2B83E1E6006C186B /* SceneDelegate.swift in Sources */,
			);
			runOnlyForDeploymentPostprocessing = 0;
		};
		9DE4C2982B83E1E9006C186B /* Sources */ = {
			isa = PBXSourcesBuildPhase;
			buildActionMask = 2147483647;
			files = (
				9DE4C2A12B83E1E9006C186B /* AssignmentTests.swift in Sources */,
			);
			runOnlyForDeploymentPostprocessing = 0;
		};
		9DE4C2A22B83E1E9006C186B /* Sources */ = {
			isa = PBXSourcesBuildPhase;
			buildActionMask = 2147483647;
			files = (
				9DE4C2AB2B83E1E9006C186B /* AssignmentUITests.swift in Sources */,
				9DE4C2AD2B83E1E9006C186B /* AssignmentUITestsLaunchTests.swift in Sources */,
			);
			runOnlyForDeploymentPostprocessing = 0;
		};
/* End PBXSourcesBuildPhase section */

/* Begin PBXTargetDependency section */
		9DE4C29E2B83E1E9006C186B /* PBXTargetDependency */ = {
			isa = PBXTargetDependency;
			target = 9DE4C2852B83E1E6006C186B /* Assignment */;
			targetProxy = 9DE4C29D2B83E1E9006C186B /* PBXContainerItemProxy */;
		};
		9DE4C2A82B83E1E9006C186B /* PBXTargetDependency */ = {
			isa = PBXTargetDependency;
			target = 9DE4C2852B83E1E6006C186B /* Assignment */;
			targetProxy = 9DE4C2A72B83E1E9006C186B /* PBXContainerItemProxy */;
		};
/* End PBXTargetDependency section */

/* Begin PBXVariantGroup section */
		9DE4C28F2B83E1E7006C186B /* Main.storyboard */ = {
			isa = PBXVariantGroup;
			children = (
				9DE4C2902B83E1E7006C186B /* Base */,
			);
			name = Main.storyboard;
			sourceTree = "<group>";
		};
		9DE4C2942B83E1E9006C186B /* LaunchScreen.storyboard */ = {
			isa = PBXVariantGroup;
			children = (
				9DE4C2952B83E1E9006C186B /* Base */,
			);
			name = LaunchScreen.storyboard;
			sourceTree = "<group>";
		};
/* End PBXVariantGroup section */

/* Begin XCBuildConfiguration section */
		9DE4C2AE2B83E1E9006C186B /* Debug */ = {
			isa = XCBuildConfiguration;
			buildSettings = {
				ALWAYS_SEARCH_USER_PATHS = NO;
				ASSETCATALOG_COMPILER_GENERATE_SWIFT_ASSET_SYMBOL_EXTENSIONS = YES;
				CLANG_ANALYZER_NONNULL = YES;
				CLANG_ANALYZER_NUMBER_OBJECT_CONVERSION = YES_AGGRESSIVE;
				CLANG_CXX_LANGUAGE_STANDARD = "gnu++20";
				CLANG_ENABLE_MODULES = YES;
				CLANG_ENABLE_OBJC_ARC = YES;
				CLANG_ENABLE_OBJC_WEAK = YES;
				CLANG_WARN_BLOCK_CAPTURE_AUTORELEASING = YES;
				CLANG_WARN_BOOL_CONVERSION = YES;
				CLANG_WARN_COMMA = YES;
				CLANG_WARN_CONSTANT_CONVERSION = YES;
				CLANG_WARN_DEPRECATED_OBJC_IMPLEMENTATIONS = YES;
				CLANG_WARN_DIRECT_OBJC_ISA_USAGE = YES_ERROR;
				CLANG_WARN_DOCUMENTATION_COMMENTS = YES;
				CLANG_WARN_EMPTY_BODY = YES;
				CLANG_WARN_ENUM_CONVERSION = YES;
				CLANG_WARN_INFINITE_RECURSION = YES;
				CLANG_WARN_INT_CONVERSION = YES;
				CLANG_WARN_NON_LITERAL_NULL_CONVERSION = YES;
				CLANG_WARN_OBJC_IMPLICIT_RETAIN_SELF = YES;
				CLANG_WARN_OBJC_LITERAL_CONVERSION = YES;
				CLANG_WARN_OBJC_ROOT_CLASS = YES_ERROR;
				CLANG_WARN_QUOTED_INCLUDE_IN_FRAMEWORK_HEADER = YES;
				CLANG_WARN_RANGE_LOOP_ANALYSIS = YES;
				CLANG_WARN_STRICT_PROTOTYPES = YES;
				CLANG_WARN_SUSPICIOUS_MOVE = YES;
				CLANG_WARN_UNGUARDED_AVAILABILITY = YES_AGGRESSIVE;
				CLANG_WARN_UNREACHABLE_CODE = YES;
				CLANG_WARN__DUPLICATE_METHOD_MATCH = YES;
				COPY_PHASE_STRIP = NO;
				DEBUG_INFORMATION_FORMAT = dwarf;
				ENABLE_STRICT_OBJC_MSGSEND = YES;
				ENABLE_TESTABILITY = YES;
				ENABLE_USER_SCRIPT_SANDBOXING = YES;
				GCC_C_LANGUAGE_STANDARD = gnu17;
				GCC_DYNAMIC_NO_PIC = NO;
				GCC_NO_COMMON_BLOCKS = YES;
				GCC_OPTIMIZATION_LEVEL = 0;
				GCC_PREPROCESSOR_DEFINITIONS = (
					"DEBUG=1",
					"$(inherited)",
				);
				GCC_WARN_64_TO_32_BIT_CONVERSION = YES;
				GCC_WARN_ABOUT_RETURN_TYPE = YES_ERROR;
				GCC_WARN_UNDECLARED_SELECTOR = YES;
				GCC_WARN_UNINITIALIZED_AUTOS = YES_AGGRESSIVE;
				GCC_WARN_UNUSED_FUNCTION = YES;
				GCC_WARN_UNUSED_VARIABLE = YES;
				IPHONEOS_DEPLOYMENT_TARGET = 17.2;
				LOCALIZATION_PREFERS_STRING_CATALOGS = YES;
				MTL_ENABLE_DEBUG_INFO = INCLUDE_SOURCE;
				MTL_FAST_MATH = YES;
				ONLY_ACTIVE_ARCH = YES;
				SDKROOT = iphoneos;
				SWIFT_ACTIVE_COMPILATION_CONDITIONS = "DEBUG $(inherited)";
				SWIFT_OPTIMIZATION_LEVEL = "-Onone";
			};
			name = Debug;
		};
		9DE4C2AF2B83E1E9006C186B /* Release */ = {
			isa = XCBuildConfiguration;
			buildSettings = {
				ALWAYS_SEARCH_USER_PATHS = NO;
				ASSETCATALOG_COMPILER_GENERATE_SWIFT_ASSET_SYMBOL_EXTENSIONS = YES;
				CLANG_ANALYZER_NONNULL = YES;
				CLANG_ANALYZER_NUMBER_OBJECT_CONVERSION = YES_AGGRESSIVE;
				CLANG_CXX_LANGUAGE_STANDARD = "gnu++20";
				CLANG_ENABLE_MODULES = YES;
				CLANG_ENABLE_OBJC_ARC = YES;
				CLANG_ENABLE_OBJC_WEAK = YES;
				CLANG_WARN_BLOCK_CAPTURE_AUTORELEASING = YES;
				CLANG_WARN_BOOL_CONVERSION = YES;
				CLANG_WARN_COMMA = YES;
				CLANG_WARN_CONSTANT_CONVERSION = YES;
				CLANG_WARN_DEPRECATED_OBJC_IMPLEMENTATIONS = YES;
				CLANG_WARN_DIRECT_OBJC_ISA_USAGE = YES_ERROR;
				CLANG_WARN_DOCUMENTATION_COMMENTS = YES;
				CLANG_WARN_EMPTY_BODY = YES;
				CLANG_WARN_ENUM_CONVERSION = YES;
				CLANG_WARN_INFINITE_RECURSION = YES;
				CLANG_WARN_INT_CONVERSION = YES;
				CLANG_WARN_NON_LITERAL_NULL_CONVERSION = YES;
				CLANG_WARN_OBJC_IMPLICIT_RETAIN_SELF = YES;
				CLANG_WARN_OBJC_LITERAL_CONVERSION = YES;
				CLANG_WARN_OBJC_ROOT_CLASS = YES_ERROR;
				CLANG_WARN_QUOTED_INCLUDE_IN_FRAMEWORK_HEADER = YES;
				CLANG_WARN_RANGE_LOOP_ANALYSIS = YES;
				CLANG_WARN_STRICT_PROTOTYPES = YES;
				CLANG_WARN_SUSPICIOUS_MOVE = YES;
				CLANG_WARN_UNGUARDED_AVAILABILITY = YES_AGGRESSIVE;
				CLANG_WARN_UNREACHABLE_CODE = YES;
				CLANG_WARN__DUPLICATE_METHOD_MATCH = YES;
				COPY_PHASE_STRIP = NO;
				DEBUG_INFORMATION_FORMAT = "dwarf-with-dsym";
				ENABLE_NS_ASSERTIONS = NO;
				ENABLE_STRICT_OBJC_MSGSEND = YES;
				ENABLE_USER_SCRIPT_SANDBOXING = YES;
				GCC_C_LANGUAGE_STANDARD = gnu17;
				GCC_NO_COMMON_BLOCKS = YES;
				GCC_WARN_64_TO_32_BIT_CONVERSION = YES;
				GCC_WARN_ABOUT_RETURN_TYPE = YES_ERROR;
				GCC_WARN_UNDECLARED_SELECTOR = YES;
				GCC_WARN_UNINITIALIZED_AUTOS = YES_AGGRESSIVE;
				GCC_WARN_UNUSED_FUNCTION = YES;
				GCC_WARN_UNUSED_VARIABLE = YES;
				IPHONEOS_DEPLOYMENT_TARGET = 17.2;
				LOCALIZATION_PREFERS_STRING_CATALOGS = YES;
				MTL_ENABLE_DEBUG_INFO = NO;
				MTL_FAST_MATH = YES;
				SDKROOT = iphoneos;
				SWIFT_COMPILATION_MODE = wholemodule;
				VALIDATE_PRODUCT = YES;
			};
			name = Release;
		};
		9DE4C2B12B83E1E9006C186B /* Debug */ = {
			isa = XCBuildConfiguration;
			buildSettings = {
				ASSETCATALOG_COMPILER_APPICON_NAME = AppIcon;
				ASSETCATALOG_COMPILER_GLOBAL_ACCENT_COLOR_NAME = AccentColor;
				CODE_SIGN_STYLE = Automatic;
				CURRENT_PROJECT_VERSION = 1;
				GENERATE_INFOPLIST_FILE = YES;
				INFOPLIST_FILE = Assignment/Info.plist;
				INFOPLIST_KEY_UIApplicationSupportsIndirectInputEvents = YES;
				INFOPLIST_KEY_UILaunchStoryboardName = LaunchScreen;
				INFOPLIST_KEY_UIMainStoryboardFile = Main;
				INFOPLIST_KEY_UISupportedInterfaceOrientations_iPad = "UIInterfaceOrientationPortrait UIInterfaceOrientationPortraitUpsideDown UIInterfaceOrientationLandscapeLeft UIInterfaceOrientationLandscapeRight";
				INFOPLIST_KEY_UISupportedInterfaceOrientations_iPhone = "UIInterfaceOrientationPortrait UIInterfaceOrientationLandscapeLeft UIInterfaceOrientationLandscapeRight";
				IPHONEOS_DEPLOYMENT_TARGET = 16.0;
				LD_RUNPATH_SEARCH_PATHS = (
					"$(inherited)",
					"@executable_path/Frameworks",
				);
				MARKETING_VERSION = 1.0;
				PRODUCT_BUNDLE_IDENTIFIER = za.co.nedBank.KidsBankingModule.Assignment;
				PRODUCT_NAME = "$(TARGET_NAME)";
				SWIFT_EMIT_LOC_STRINGS = YES;
				SWIFT_VERSION = 5.0;
				TARGETED_DEVICE_FAMILY = "1,2";
			};
			name = Debug;
		};
		9DE4C2B22B83E1E9006C186B /* Release */ = {
			isa = XCBuildConfiguration;
			buildSettings = {
				ASSETCATALOG_COMPILER_APPICON_NAME = AppIcon;
				ASSETCATALOG_COMPILER_GLOBAL_ACCENT_COLOR_NAME = AccentColor;
				CODE_SIGN_STYLE = Automatic;
				CURRENT_PROJECT_VERSION = 1;
				GENERATE_INFOPLIST_FILE = YES;
				INFOPLIST_FILE = Assignment/Info.plist;
				INFOPLIST_KEY_UIApplicationSupportsIndirectInputEvents = YES;
				INFOPLIST_KEY_UILaunchStoryboardName = LaunchScreen;
				INFOPLIST_KEY_UIMainStoryboardFile = Main;
				INFOPLIST_KEY_UISupportedInterfaceOrientations_iPad = "UIInterfaceOrientationPortrait UIInterfaceOrientationPortraitUpsideDown UIInterfaceOrientationLandscapeLeft UIInterfaceOrientationLandscapeRight";
				INFOPLIST_KEY_UISupportedInterfaceOrientations_iPhone = "UIInterfaceOrientationPortrait UIInterfaceOrientationLandscapeLeft UIInterfaceOrientationLandscapeRight";
				IPHONEOS_DEPLOYMENT_TARGET = 16.0;
				LD_RUNPATH_SEARCH_PATHS = (
					"$(inherited)",
					"@executable_path/Frameworks",
				);
				MARKETING_VERSION = 1.0;
				PRODUCT_BUNDLE_IDENTIFIER = za.co.nedBank.KidsBankingModule.Assignment;
				PRODUCT_NAME = "$(TARGET_NAME)";
				SWIFT_EMIT_LOC_STRINGS = YES;
				SWIFT_VERSION = 5.0;
				TARGETED_DEVICE_FAMILY = "1,2";
			};
			name = Release;
		};
		9DE4C2B42B83E1E9006C186B /* Debug */ = {
			isa = XCBuildConfiguration;
			buildSettings = {
				ALWAYS_EMBED_SWIFT_STANDARD_LIBRARIES = YES;
				BUNDLE_LOADER = "$(TEST_HOST)";
				CODE_SIGN_STYLE = Automatic;
				CURRENT_PROJECT_VERSION = 1;
				GENERATE_INFOPLIST_FILE = YES;
				IPHONEOS_DEPLOYMENT_TARGET = 17.2;
				MARKETING_VERSION = 1.0;
				PRODUCT_BUNDLE_IDENTIFIER = za.co.nedBank.KidsBankingModule.AssignmentTests;
				PRODUCT_NAME = "$(TARGET_NAME)";
				SWIFT_EMIT_LOC_STRINGS = NO;
				SWIFT_VERSION = 5.0;
				TARGETED_DEVICE_FAMILY = "1,2";
				TEST_HOST = "$(BUILT_PRODUCTS_DIR)/Assignment.app/$(BUNDLE_EXECUTABLE_FOLDER_PATH)/Assignment";
			};
			name = Debug;
		};
		9DE4C2B52B83E1E9006C186B /* Release */ = {
			isa = XCBuildConfiguration;
			buildSettings = {
				ALWAYS_EMBED_SWIFT_STANDARD_LIBRARIES = YES;
				BUNDLE_LOADER = "$(TEST_HOST)";
				CODE_SIGN_STYLE = Automatic;
				CURRENT_PROJECT_VERSION = 1;
				GENERATE_INFOPLIST_FILE = YES;
				IPHONEOS_DEPLOYMENT_TARGET = 17.2;
				MARKETING_VERSION = 1.0;
				PRODUCT_BUNDLE_IDENTIFIER = za.co.nedBank.KidsBankingModule.AssignmentTests;
				PRODUCT_NAME = "$(TARGET_NAME)";
				SWIFT_EMIT_LOC_STRINGS = NO;
				SWIFT_VERSION = 5.0;
				TARGETED_DEVICE_FAMILY = "1,2";
				TEST_HOST = "$(BUILT_PRODUCTS_DIR)/Assignment.app/$(BUNDLE_EXECUTABLE_FOLDER_PATH)/Assignment";
			};
			name = Release;
		};
		9DE4C2B72B83E1E9006C186B /* Debug */ = {
			isa = XCBuildConfiguration;
			buildSettings = {
				ALWAYS_EMBED_SWIFT_STANDARD_LIBRARIES = YES;
				CODE_SIGN_STYLE = Automatic;
				CURRENT_PROJECT_VERSION = 1;
				GENERATE_INFOPLIST_FILE = YES;
				MARKETING_VERSION = 1.0;
				PRODUCT_BUNDLE_IDENTIFIER = za.co.nedBank.KidsBankingModule.AssignmentUITests;
				PRODUCT_NAME = "$(TARGET_NAME)";
				SWIFT_EMIT_LOC_STRINGS = NO;
				SWIFT_VERSION = 5.0;
				TARGETED_DEVICE_FAMILY = "1,2";
				TEST_TARGET_NAME = Assignment;
			};
			name = Debug;
		};
		9DE4C2B82B83E1E9006C186B /* Release */ = {
			isa = XCBuildConfiguration;
			buildSettings = {
				ALWAYS_EMBED_SWIFT_STANDARD_LIBRARIES = YES;
				CODE_SIGN_STYLE = Automatic;
				CURRENT_PROJECT_VERSION = 1;
				GENERATE_INFOPLIST_FILE = YES;
				MARKETING_VERSION = 1.0;
				PRODUCT_BUNDLE_IDENTIFIER = za.co.nedBank.KidsBankingModule.AssignmentUITests;
				PRODUCT_NAME = "$(TARGET_NAME)";
				SWIFT_EMIT_LOC_STRINGS = NO;
				SWIFT_VERSION = 5.0;
				TARGETED_DEVICE_FAMILY = "1,2";
				TEST_TARGET_NAME = Assignment;
			};
			name = Release;
		};
/* End XCBuildConfiguration section */

/* Begin XCConfigurationList section */
		9DE4C2812B83E1E6006C186B /* Build configuration list for PBXProject "Assignment" */ = {
			isa = XCConfigurationList;
			buildConfigurations = (
				9DE4C2AE2B83E1E9006C186B /* Debug */,
				9DE4C2AF2B83E1E9006C186B /* Release */,
			);
			defaultConfigurationIsVisible = 0;
			defaultConfigurationName = Release;
		};
		9DE4C2B02B83E1E9006C186B /* Build configuration list for PBXNativeTarget "Assignment" */ = {
			isa = XCConfigurationList;
			buildConfigurations = (
				9DE4C2B12B83E1E9006C186B /* Debug */,
				9DE4C2B22B83E1E9006C186B /* Release */,
			);
			defaultConfigurationIsVisible = 0;
			defaultConfigurationName = Release;
		};
		9DE4C2B32B83E1E9006C186B /* Build configuration list for PBXNativeTarget "AssignmentTests" */ = {
			isa = XCConfigurationList;
			buildConfigurations = (
				9DE4C2B42B83E1E9006C186B /* Debug */,
				9DE4C2B52B83E1E9006C186B /* Release */,
			);
			defaultConfigurationIsVisible = 0;
			defaultConfigurationName = Release;
		};
		9DE4C2B62B83E1E9006C186B /* Build configuration list for PBXNativeTarget "AssignmentUITests" */ = {
			isa = XCConfigurationList;
			buildConfigurations = (
				9DE4C2B72B83E1E9006C186B /* Debug */,
				9DE4C2B82B83E1E9006C186B /* Release */,
			);
			defaultConfigurationIsVisible = 0;
			defaultConfigurationName = Release;
		};
/* End XCConfigurationList section */
	};
	rootObject = 9DE4C27E2B83E1E6006C186B /* Project object */;
}
